[metadata]
python = "3.14.3"
resolver = "pubgrub-v1"
generated-at = "2026-03-17T05:05:27.203668700+00:00"

[[package]]
name = "colorama"
version = "0.4.6"
source = "pypi"
sha256 = "4f1d9991f5acc0ca119f9d443620b77f9d6b33703e51011c16baf57afb285fc6"
requires-python = "!=3.0.*,!=3.1.*,!=3.2.*,!=3.3.*,!=3.4.*,!=3.5.*,!=3.6.*,>=2.7"
dependencies = []

[[package]]
name = "urllib3"
version = "2.6.3"
source = "pypi"
sha256 = "bf272323e553dfb2e87d9bfd225ca7b0f467b919d7bbd355436d3fd37cb0acd4"
requires-python = ">=3.9"
dependencies = []
